
Microsoft Visual Studio Solution File, Format Version 12.00
# Visual Studio Version 17
VisualStudioVersion = 17.5.33414.496
MinimumVisualStudioVersion = 10.0.40219.1
Project("{FAE04EC0-301F-11D3-BF4B-00C04F79EFBC}") = "desafio4 S6", "desafio4 S6.csproj", "{4883CD22-31B6-415F-A1AA-E47C0D12D7B8}"
EndProject
Global
	GlobalSection(SolutionConfigurationPlatforms) = preSolution
		Debug|Any CPU = Debug|Any CPU
		Release|Any CPU = Release|Any CPU
	EndGlobalSection
	GlobalSection(ProjectConfigurationPlatforms) = postSolution
		{4883CD22-31B6-415F-A1AA-E47C0D12D7B8}.Debug|Any CPU.ActiveCfg = Debug|Any CPU
		{4883CD22-31B6-415F-A1AA-E47C0D12D7B8}.Debug|Any CPU.Build.0 = Debug|Any CPU
		{4883CD22-31B6-415F-A1AA-E47C0D12D7B8}.Release|Any CPU.ActiveCfg = Release|Any CPU
		{4883CD22-31B6-415F-A1AA-E47C0D12D7B8}.Release|Any CPU.Build.0 = Release|Any CPU
	EndGlobalSection
	GlobalSection(SolutionProperties) = preSolution
		HideSolutionNode = FALSE
	EndGlobalSection
	GlobalSection(ExtensibilityGlobals) = postSolution
		SolutionGuid = {E35CBB38-613C-48DF-9B9F-DDC6CA110087}
	EndGlobalSection
EndGlobal
